
Microsoft Visual Studio Solution File, Format Version 12.00
# Visual Studio 2012
Project("{FAE04EC0-301F-11D3-BF4B-00C04F79EFBC}") = "Infija-PostijaV3", "Infija-PostijaV3\Infija-PostijaV3.csproj", "{043FC489-C94E-4A31-8065-59100F6F83D2}"
EndProject
Global
	GlobalSection(SolutionConfigurationPlatforms) = preSolution
		Debug|Any CPU = Debug|Any CPU
		Release|Any CPU = Release|Any CPU
	EndGlobalSection
	GlobalSection(ProjectConfigurationPlatforms) = postSolution
		{043FC489-C94E-4A31-8065-59100F6F83D2}.Debug|Any CPU.ActiveCfg = Debug|Any CPU
		{043FC489-C94E-4A31-8065-59100F6F83D2}.Debug|Any CPU.Build.0 = Debug|Any CPU
		{043FC489-C94E-4A31-8065-59100F6F83D2}.Release|Any CPU.ActiveCfg = Release|Any CPU
		{043FC489-C94E-4A31-8065-59100F6F83D2}.Release|Any CPU.Build.0 = Release|Any CPU
	EndGlobalSection
	GlobalSection(SolutionProperties) = preSolution
		HideSolutionNode = FALSE
	EndGlobalSection
EndGlobal
